{
    "name": "html",
    "lockfileVersion": 2,
    "requires": true,
    "packages": {
        "": {
            "license": "ISC",
            "dependencies": {
                "bootstrap": "^5.0.0-beta3",
                "jquery": "^3.5.1",
                "libphonenumber-js": "^1.9.10"
            },
            "devDependencies": {
                "moment": "^2.29.1"
            }
        },
        "node_modules/@popperjs/core": {
            "version": "2.9.2",
            "resolved": "https://registry.npmjs.org/@popperjs/core/-/core-2.9.2.tgz",
            "integrity": "sha512-VZMYa7+fXHdwIq1TDhSXoVmSPEGM/aa+6Aiq3nVVJ9bXr24zScr+NlKFKC3iPljA7ho/GAZr+d2jOf5GIRC30Q==",
            "peer": true,
            "funding": {
                "type": "opencollective",
                "url": "https://opencollective.com/popperjs"
            }
        },
        "node_modules/bootstrap": {
            "version": "5.0.0-beta3",
            "resolved": "https://registry.npmjs.org/bootstrap/-/bootstrap-5.0.0-beta3.tgz",
            "integrity": "sha512-0urccjfIOzhrb9qJysN8XW/DRw6rg3zH7qLeKIp4Zyl8+Ens4JWB0NC0cB5AhnSFPd2tftRggjwCMxablo6Tpg==",
            "funding": {
                "type": "opencollective",
                "url": "https://opencollective.com/bootstrap"
            },
            "peerDependencies": {
                "@popperjs/core": "^2.9.1"
            }
        },
        "node_modules/jquery": {
            "version": "3.5.1",
            "resolved": "https://registry.npmjs.org/jquery/-/jquery-3.5.1.tgz",
            "integrity": "sha512-XwIBPqcMn57FxfT+Go5pzySnm4KWkT1Tv7gjrpT1srtf8Weynl6R273VJ5GjkRb51IzMp5nbaPjJXMWeju2MKg=="
        },
        "node_modules/libphonenumber-js": {
            "version": "1.9.16",
            "resolved": "https://registry.npmjs.org/libphonenumber-js/-/libphonenumber-js-1.9.16.tgz",
            "integrity": "sha512-PaHT7nTtnejZ0HHekAaA0olv6BUTKZGtKM4SCQS0yE3XjFuVo/tjePMHUAr32FKwIZfyPky1ExMUuaiBAUmV6w=="
        },
        "node_modules/moment": {
            "version": "2.29.1",
            "resolved": "https://registry.npmjs.org/moment/-/moment-2.29.1.tgz",
            "integrity": "sha512-kHmoybcPV8Sqy59DwNDY3Jefr64lK/by/da0ViFcuA4DH0vQg5Q6Ze5VimxkfQNSC+Mls/Kx53s7TjP1RhFEDQ==",
            "dev": true,
            "engines": {
                "node": "*"
            }
        }
    },
    "dependencies": {
        "@popperjs/core": {
            "version": "2.9.2",
            "resolved": "https://registry.npmjs.org/@popperjs/core/-/core-2.9.2.tgz",
            "integrity": "sha512-VZMYa7+fXHdwIq1TDhSXoVmSPEGM/aa+6Aiq3nVVJ9bXr24zScr+NlKFKC3iPljA7ho/GAZr+d2jOf5GIRC30Q==",
            "peer": true
        },
        "bootstrap": {
            "version": "5.0.0-beta3",
            "resolved": "https://registry.npmjs.org/bootstrap/-/bootstrap-5.0.0-beta3.tgz",
            "integrity": "sha512-0urccjfIOzhrb9qJysN8XW/DRw6rg3zH7qLeKIp4Zyl8+Ens4JWB0NC0cB5AhnSFPd2tftRggjwCMxablo6Tpg==",
            "requires": {}
        },
        "jquery": {
            "version": "3.5.1",
            "resolved": "https://registry.npmjs.org/jquery/-/jquery-3.5.1.tgz",
            "integrity": "sha512-XwIBPqcMn57FxfT+Go5pzySnm4KWkT1Tv7gjrpT1srtf8Weynl6R273VJ5GjkRb51IzMp5nbaPjJXMWeju2MKg=="
        },
        "libphonenumber-js": {
            "version": "1.9.16",
            "resolved": "https://registry.npmjs.org/libphonenumber-js/-/libphonenumber-js-1.9.16.tgz",
            "integrity": "sha512-PaHT7nTtnejZ0HHekAaA0olv6BUTKZGtKM4SCQS0yE3XjFuVo/tjePMHUAr32FKwIZfyPky1ExMUuaiBAUmV6w=="
        },
        "moment": {
            "version": "2.29.1",
            "resolved": "https://registry.npmjs.org/moment/-/moment-2.29.1.tgz",
            "integrity": "sha512-kHmoybcPV8Sqy59DwNDY3Jefr64lK/by/da0ViFcuA4DH0vQg5Q6Ze5VimxkfQNSC+Mls/Kx53s7TjP1RhFEDQ==",
            "dev": true
        }
    }
}
